
Microsoft Visual Studio Solution File, Format Version 12.00
# Visual Studio Version 17
VisualStudioVersion = 17.0.31903.59
MinimumVisualStudioVersion = 10.0.40219.1
Project("{FAE04EC0-301F-11D3-BF4B-00C04F79EFBC}") = "YamlGenerator.API", "YamlGenerator.API\YamlGenerator.API.csproj", "{FB955A1E-4B63-4AA0-9126-D5EF556CFDD6}"
EndProject
Project("{FAE04EC0-301F-11D3-BF4B-00C04F79EFBC}") = "YamlGenerator.Core", "YamlGenerator.Core\YamlGenerator.Core.csproj", "{34232924-B2FA-418D-BFE7-030EC4C952D8}"
EndProject
Project("{FAE04EC0-301F-11D3-BF4B-00C04F79EFBC}") = "YamlGenerator.Tests", "YamlGenerator.Tests\YamlGenerator.Tests.csproj", "{DB07ED2C-2307-4B05-B9C8-0D801C9D5717}"
EndProject
Global
	GlobalSection(SolutionConfigurationPlatforms) = preSolution
		Debug|Any CPU = Debug|Any CPU
		Release|Any CPU = Release|Any CPU
	EndGlobalSection
	GlobalSection(SolutionProperties) = preSolution
		HideSolutionNode = FALSE
	EndGlobalSection
	GlobalSection(ProjectConfigurationPlatforms) = postSolution
		{FB955A1E-4B63-4AA0-9126-D5EF556CFDD6}.Debug|Any CPU.ActiveCfg = Debug|Any CPU
		{FB955A1E-4B63-4AA0-9126-D5EF556CFDD6}.Debug|Any CPU.Build.0 = Debug|Any CPU
		{FB955A1E-4B63-4AA0-9126-D5EF556CFDD6}.Release|Any CPU.ActiveCfg = Release|Any CPU
		{FB955A1E-4B63-4AA0-9126-D5EF556CFDD6}.Release|Any CPU.Build.0 = Release|Any CPU
		{34232924-B2FA-418D-BFE7-030EC4C952D8}.Debug|Any CPU.ActiveCfg = Debug|Any CPU
		{34232924-B2FA-418D-BFE7-030EC4C952D8}.Debug|Any CPU.Build.0 = Debug|Any CPU
		{34232924-B2FA-418D-BFE7-030EC4C952D8}.Release|Any CPU.ActiveCfg = Release|Any CPU
		{34232924-B2FA-418D-BFE7-030EC4C952D8}.Release|Any CPU.Build.0 = Release|Any CPU
		{DB07ED2C-2307-4B05-B9C8-0D801C9D5717}.Debug|Any CPU.ActiveCfg = Debug|Any CPU
		{DB07ED2C-2307-4B05-B9C8-0D801C9D5717}.Debug|Any CPU.Build.0 = Debug|Any CPU
		{DB07ED2C-2307-4B05-B9C8-0D801C9D5717}.Release|Any CPU.ActiveCfg = Release|Any CPU
		{DB07ED2C-2307-4B05-B9C8-0D801C9D5717}.Release|Any CPU.Build.0 = Release|Any CPU
	EndGlobalSection
EndGlobal
